
Microsoft Visual Studio Solution File, Format Version 12.00
# Visual Studio Version 16
VisualStudioVersion = 16.0.30225.117
MinimumVisualStudioVersion = 10.0.40219.1
Project("{FAE04EC0-301F-11D3-BF4B-00C04F79EFBC}") = "Utility", "Utility\Utility.csproj", "{8F701A5E-F688-403F-BE72-D5F3F856FDFE}"
EndProject
Global
	GlobalSection(SolutionConfigurationPlatforms) = preSolution
		Debug|Any CPU = Debug|Any CPU
		Release|Any CPU = Release|Any CPU
	EndGlobalSection
	GlobalSection(ProjectConfigurationPlatforms) = postSolution
		{8F701A5E-F688-403F-BE72-D5F3F856FDFE}.Debug|Any CPU.ActiveCfg = Debug|Any CPU
		{8F701A5E-F688-403F-BE72-D5F3F856FDFE}.Debug|Any CPU.Build.0 = Debug|Any CPU
		{8F701A5E-F688-403F-BE72-D5F3F856FDFE}.Release|Any CPU.ActiveCfg = Release|Any CPU
		{8F701A5E-F688-403F-BE72-D5F3F856FDFE}.Release|Any CPU.Build.0 = Release|Any CPU
	EndGlobalSection
	GlobalSection(SolutionProperties) = preSolution
		HideSolutionNode = FALSE
	EndGlobalSection
	GlobalSection(ExtensibilityGlobals) = postSolution
		SolutionGuid = {2F3288FA-3752-4304-878A-577EF48F3E7E}
	EndGlobalSection
EndGlobal
